
Microsoft Visual Studio Solution File, Format Version 12.00
# Visual Studio Version 17
VisualStudioVersion = 17.10.35013.160
MinimumVisualStudioVersion = 10.0.40219.1
Project("{9A19103F-16F7-4668-BE54-9A1E7A4F7556}") = "QueryGenerator", "QueryGenerator\QueryGenerator.csproj", "{BC7E15C3-AE94-4E13-B5B2-3335C4C68CD7}"
EndProject
Project("{9A19103F-16F7-4668-BE54-9A1E7A4F7556}") = "QueryGeneratorUsage", "QueryGeneratorUsage\QueryGeneratorUsage.csproj", "{61AAFF08-8FE2-48AB-9671-4E725F942E89}"
EndProject
Global
	GlobalSection(SolutionConfigurationPlatforms) = preSolution
		Debug|Any CPU = Debug|Any CPU
		Release|Any CPU = Release|Any CPU
	EndGlobalSection
	GlobalSection(ProjectConfigurationPlatforms) = postSolution
		{BC7E15C3-AE94-4E13-B5B2-3335C4C68CD7}.Debug|Any CPU.ActiveCfg = Debug|Any CPU
		{BC7E15C3-AE94-4E13-B5B2-3335C4C68CD7}.Debug|Any CPU.Build.0 = Debug|Any CPU
		{BC7E15C3-AE94-4E13-B5B2-3335C4C68CD7}.Release|Any CPU.ActiveCfg = Release|Any CPU
		{BC7E15C3-AE94-4E13-B5B2-3335C4C68CD7}.Release|Any CPU.Build.0 = Release|Any CPU
		{61AAFF08-8FE2-48AB-9671-4E725F942E89}.Debug|Any CPU.ActiveCfg = Debug|Any CPU
		{61AAFF08-8FE2-48AB-9671-4E725F942E89}.Debug|Any CPU.Build.0 = Debug|Any CPU
		{61AAFF08-8FE2-48AB-9671-4E725F942E89}.Release|Any CPU.ActiveCfg = Release|Any CPU
		{61AAFF08-8FE2-48AB-9671-4E725F942E89}.Release|Any CPU.Build.0 = Release|Any CPU
	EndGlobalSection
	GlobalSection(SolutionProperties) = preSolution
		HideSolutionNode = FALSE
	EndGlobalSection
	GlobalSection(ExtensibilityGlobals) = postSolution
		SolutionGuid = {1A50298A-3D47-4BFA-A87C-A009A0341AA3}
	EndGlobalSection
EndGlobal
